
Microsoft Visual Studio Solution File, Format Version 12.00
# Visual Studio 2012
Project("{8BC9CEB8-8B4A-11D0-8D11-00A0C91BC942}") = "Practica8", "Practica8\Practica8.vcxproj", "{0E58C3C8-D2EB-487A-8186-AA44CA9708CD}"
EndProject
Global
	GlobalSection(SolutionConfigurationPlatforms) = preSolution
		Debug|Win32 = Debug|Win32
		Release|Win32 = Release|Win32
	EndGlobalSection
	GlobalSection(ProjectConfigurationPlatforms) = postSolution
		{0E58C3C8-D2EB-487A-8186-AA44CA9708CD}.Debug|Win32.ActiveCfg = Debug|Win32
		{0E58C3C8-D2EB-487A-8186-AA44CA9708CD}.Debug|Win32.Build.0 = Debug|Win32
		{0E58C3C8-D2EB-487A-8186-AA44CA9708CD}.Release|Win32.ActiveCfg = Release|Win32
		{0E58C3C8-D2EB-487A-8186-AA44CA9708CD}.Release|Win32.Build.0 = Release|Win32
	EndGlobalSection
	GlobalSection(SolutionProperties) = preSolution
		HideSolutionNode = FALSE
	EndGlobalSection
EndGlobal
